
Microsoft Visual Studio Solution File, Format Version 12.00
# Visual Studio Version 16
VisualStudioVersion = 16.0.32802.440
MinimumVisualStudioVersion = 10.0.40219.1
Project("{FAE04EC0-301F-11D3-BF4B-00C04F79EFBC}") = "Store", "Store.csproj", "{FEC97D22-157D-431C-8EFD-0B5F927754C0}"
EndProject
Global
	GlobalSection(SolutionConfigurationPlatforms) = preSolution
		Debug|Any CPU = Debug|Any CPU
		Release|Any CPU = Release|Any CPU
	EndGlobalSection
	GlobalSection(ProjectConfigurationPlatforms) = postSolution
		{FEC97D22-157D-431C-8EFD-0B5F927754C0}.Debug|Any CPU.ActiveCfg = Debug|Any CPU
		{FEC97D22-157D-431C-8EFD-0B5F927754C0}.Debug|Any CPU.Build.0 = Debug|Any CPU
		{FEC97D22-157D-431C-8EFD-0B5F927754C0}.Release|Any CPU.ActiveCfg = Release|Any CPU
		{FEC97D22-157D-431C-8EFD-0B5F927754C0}.Release|Any CPU.Build.0 = Release|Any CPU
	EndGlobalSection
	GlobalSection(SolutionProperties) = preSolution
		HideSolutionNode = FALSE
	EndGlobalSection
	GlobalSection(ExtensibilityGlobals) = postSolution
		SolutionGuid = {D7AEC8D2-1260-4CF0-8954-BB3317823FD2}
	EndGlobalSection
EndGlobal
